
Microsoft Visual Studio Solution File, Format Version 12.00
# Visual Studio Version 17
VisualStudioVersion = 17.7.34024.191
MinimumVisualStudioVersion = 10.0.40219.1
Project("{FAE04EC0-301F-11D3-BF4B-00C04F79EFBC}") = "Sec_4SecurityApplications", "Sec_4SecurityApplications.csproj", "{FC107E82-381F-44AF-9166-6EF8A3880D05}"
EndProject
Global
	GlobalSection(SolutionConfigurationPlatforms) = preSolution
		Debug|Any CPU = Debug|Any CPU
		Release|Any CPU = Release|Any CPU
	EndGlobalSection
	GlobalSection(ProjectConfigurationPlatforms) = postSolution
		{FC107E82-381F-44AF-9166-6EF8A3880D05}.Debug|Any CPU.ActiveCfg = Debug|Any CPU
		{FC107E82-381F-44AF-9166-6EF8A3880D05}.Debug|Any CPU.Build.0 = Debug|Any CPU
		{FC107E82-381F-44AF-9166-6EF8A3880D05}.Release|Any CPU.ActiveCfg = Release|Any CPU
		{FC107E82-381F-44AF-9166-6EF8A3880D05}.Release|Any CPU.Build.0 = Release|Any CPU
	EndGlobalSection
	GlobalSection(SolutionProperties) = preSolution
		HideSolutionNode = FALSE
	EndGlobalSection
	GlobalSection(ExtensibilityGlobals) = postSolution
		SolutionGuid = {E8010B66-1F70-4B39-A519-F6FF1761CFB0}
	EndGlobalSection
EndGlobal
